{
  "name": "docusaurus",
  "version": "0.0.0",
  "lockfileVersion": 1,
  "requires": true,
  "dependencies": {
    "@algolia/autocomplete-core": {
      "version": "1.17.4",
      "resolved": "https://registry.npmjs.org/@algolia/autocomplete-core/-/autocomplete-core-1.17.4.tgz",
      "integrity": "sha512-H1CAzj43RDeC4Vq9FW2JLtRDNxhjRG/aPX69nbNrKbYzX9P0YohxrEj3kJ9G+e20y0L0pYboAOeU6wgbKJ6gOA==",
      "requires": {
        "@algolia/autocomplete-plugin-algolia-insights": "1.17.4",
        "@algolia/autocomplete-shared": "1.17.4"
      }
    },
    "@algolia/autocomplete-js": {
      "version": "1.17.4",
      "resolved": "https://registry.npmjs.org/@algolia/autocomplete-js/-/autocomplete-js-1.17.4.tgz",
      "integrity": "sha512-ANhINMwusKmsW/xHhgiKvUSLis/Lll9OilueBR9h/lxBlgEJ/hHIOTnZupzksyna1OtGZaW5keAu04E19+CW1w==",
      "requires": {
        "@algolia/autocomplete-core": "1.17.4",
        "@algolia/autocomplete-preset-algolia": "1.17.4",
        "@algolia/autocomplete-shared": "1.17.4",
        "htm": "^3.1.1",
        "preact": "^10.13.2"
      }
    },
    "@algolia/autocomplete-plugin-algolia-insights": {
      "version": "1.17.4",
      "resolved": "https://registry.npmjs.org/@algolia/autocomplete-plugin-algolia-insights/-/autocomplete-plugin-algolia-insights-1.17.4.tgz",
      "integrity": "sha512-fPABTwZtfD83qAzwnMYjJQ6ohCK7XE2l2++H+dOtV76cCIsAYYAC1bO5DnCbIi6Ma+OkNOgB1jCPI5EYOEsSpg==",
      "requires": {
        "@algolia/autocomplete-shared": "1.17.4"
      }
    },
    "@algolia/autocomplete-preset-algolia": {
      "version": "1.17.4",
      "resolved": "https://registry.npmjs.org/@algolia/autocomplete-preset-algolia/-/autocomplete-preset-algolia-1.17.4.tgz",
      "integrity": "sha512-ijYn6hAGr3luVBVYDubaX600KXolVJH6yZlpeWZ9CNCEewgKIQ9ok3eNGha9EEJ0s9REYbp1TmDQ3T1I1aqcBA==",
      "requires": {
        "@algolia/autocomplete-shared": "1.17.4"
      }
    },
    "@algolia/autocomplete-shared": {
      "version": "1.17.4",
      "resolved": "https://registry.npmjs.org/@algolia/autocomplete-shared/-/autocomplete-shared-1.17.4.tgz",
      "integrity": "sha512-AM7KntpKinDZGVYfZ4j8zt5ymgYBRXOZg0CFEeHLmViqu5BvQzzoc1aoNHQx6lBjViGckBYP9szA+t2QzRXy3A=="
    },
    "@algolia/autocomplete-theme-classic": {
      "version": "1.17.4",
      "resolved": "https://registry.npmjs.org/@algolia/autocomplete-theme-classic/-/autocomplete-theme-classic-1.17.4.tgz",
      "integrity": "sha512-HK72OAhj0R5yYwjEO97gae+WbI7zsGeItl0Awo4H7b9VsYW5RyS4Z9EpO+WiWbYITu1EVz3mu2A6Vh/gNEszOg=="
    },
    "@algolia/cache-browser-local-storage": {
      "version": "4.24.0",
      "resolved": "https://registry.npmjs.org/@algolia/cache-browser-local-storage/-/cache-browser-local-storage-4.24.0.tgz",
      "integrity": "sha512-t63W9BnoXVrGy9iYHBgObNXqYXM3tYXCjDSHeNwnsc324r4o5UiVKUiAB4THQ5z9U5hTj6qUvwg/Ez43ZD85ww==",
      "requires": {
        "@algolia/cache-common": "4.24.0"
      }
    },
    "@algolia/cache-common": {
      "version": "4.24.0",
      "resolved": "https://registry.npmjs.org/@algolia/cache-common/-/cache-common-4.24.0.tgz",
      "integrity": "sha512-emi+v+DmVLpMGhp0V9q9h5CdkURsNmFC+cOS6uK9ndeJm9J4TiqSvPYVu+THUP8P/S08rxf5x2P+p3CfID0Y4g=="
    },
    "@algolia/cache-in-memory": {
      "version": "4.24.0",
      "resolved": "https://registry.npmjs.org/@algolia/cache-in-memory/-/cache-in-memory-4.24.0.tgz",
      "integrity": "sha512-gDrt2so19jW26jY3/MkFg5mEypFIPbPoXsQGQWAi6TrCPsNOSEYepBMPlucqWigsmEy/prp5ug2jy/N3PVG/8w==",
      "requires": {
        "@algolia/cache-common": "4.24.0"
      }
    },
    "@algolia/client-account": {
      "version": "4.24.0",
      "resolved": "https://registry.npmjs.org/@algolia/client-account/-/client-account-4.24.0.tgz",
      "integrity": "sha512-adcvyJ3KjPZFDybxlqnf+5KgxJtBjwTPTeyG2aOyoJvx0Y8dUQAEOEVOJ/GBxX0WWNbmaSrhDURMhc+QeevDsA==",
      "requires": {
        "@algolia/client-common": "4.24.0",
        "@algolia/client-search": "4.24.0",
        "@algolia/transporter": "4.24.0"
      }
    },
    "@algolia/client-analytics": {
      "version": "4.24.0",
      "resolved": "https://registry.npmjs.org/@algolia/client-analytics/-/client-analytics-4.24.0.tgz",
      "integrity": "sha512-y8jOZt1OjwWU4N2qr8G4AxXAzaa8DBvyHTWlHzX/7Me1LX8OayfgHexqrsL4vSBcoMmVw2XnVW9MhL+Y2ZDJXg==",
      "requires": {
        "@algolia/client-common": "4.24.0",
        "@algolia/client-search": "4.24.0",
        "@algolia/requester-common": "4.24.0",
        "@algolia/transporter": "4.24.0"
      }
    },
    "@algolia/client-common": {
      "version": "4.24.0",
      "resolved": "https://registry.npmjs.org/@algolia/client-common/-/client-common-4.24.0.tgz",
      "integrity": "sha512-bc2ROsNL6w6rqpl5jj/UywlIYC21TwSSoFHKl01lYirGMW+9Eek6r02Tocg4gZ8HAw3iBvu6XQiM3BEbmEMoiA==",
      "requires": {
        "@algolia/requester-common": "4.24.0",
        "@algolia/transporter": "4.24.0"
      }
    },
    "@algolia/client-personalization": {
      "version": "4.24.0",
      "resolved": "https://registry.npmjs.org/@algolia/client-personalization/-/client-personalization-4.24.0.tgz",
      "integrity": "sha512-l5FRFm/yngztweU0HdUzz1rC4yoWCFo3IF+dVIVTfEPg906eZg5BOd1k0K6rZx5JzyyoP4LdmOikfkfGsKVE9w==",
      "requires": {
        "@algolia/client-common": "4.24.0",
        "@algolia/requester-common": "4.24.0",
        "@algolia/transporter": "4.24.0"
      }
    },
    "@algolia/client-search": {
      "version": "4.24.0",
      "resolved": "https://registry.npmjs.org/@algolia/client-search/-/client-search-4.24.0.tgz",
      "integrity": "sha512-uRW6EpNapmLAD0mW47OXqTP8eiIx5F6qN9/x/7HHO6owL3N1IXqydGwW5nhDFBrV+ldouro2W1VX3XlcUXEFCA==",
      "requires": {
        "@algolia/client-common": "4.24.0",
        "@algolia/requester-common": "4.24.0",
        "@algolia/transporter": "4.24.0"
      }
    },
    "@algolia/logger-common": {
      "version": "4.24.0",
      "resolved": "https://registry.npmjs.org/@algolia/logger-common/-/logger-common-4.24.0.tgz",
      "integrity": "sha512-LLUNjkahj9KtKYrQhFKCzMx0BY3RnNP4FEtO+sBybCjJ73E8jNdaKJ/Dd8A/VA4imVHP5tADZ8pn5B8Ga/wTMA=="
    },
    "@algolia/logger-console": {
      "version": "4.24.0",
      "resolved": "https://registry.npmjs.org/@algolia/logger-console/-/logger-console-4.24.0.tgz",
      "integrity": "sha512-X4C8IoHgHfiUROfoRCV+lzSy+LHMgkoEEU1BbKcsfnV0i0S20zyy0NLww9dwVHUWNfPPxdMU+/wKmLGYf96yTg==",
      "requires": {
        "@algolia/logger-common": "4.24.0"
      }
    },
    "@algolia/recommend": {
      "version": "4.24.0",
      "resolved": "https://registry.npmjs.org/@algolia/recommend/-/recommend-4.24.0.tgz",
      "integrity": "sha512-P9kcgerfVBpfYHDfVZDvvdJv0lEoCvzNlOy2nykyt5bK8TyieYyiD0lguIJdRZZYGre03WIAFf14pgE+V+IBlw==",
      "requires": {
        "@algolia/cache-browser-local-storage": "4.24.0",
        "@algolia/cache-common": "4.24.0",
        "@algolia/cache-in-memory": "4.24.0",
        "@algolia/client-common": "4.24.0",
        "@algolia/client-search": "4.24.0",
        "@algolia/logger-common": "4.24.0",
        "@algolia/logger-console": "4.24.0",
        "@algolia/requester-browser-xhr": "4.24.0",
        "@algolia/requester-common": "4.24.0",
        "@algolia/requester-node-http": "4.24.0",
        "@algolia/transporter": "4.24.0"
      }
    },
    "@algolia/requester-browser-xhr": {
      "version": "4.24.0",
      "resolved": "https://registry.npmjs.org/@algolia/requester-browser-xhr/-/requester-browser-xhr-4.24.0.tgz",
      "integrity": "sha512-Z2NxZMb6+nVXSjF13YpjYTdvV3032YTBSGm2vnYvYPA6mMxzM3v5rsCiSspndn9rzIW4Qp1lPHBvuoKJV6jnAA==",
      "requires": {
        "@algolia/requester-common": "4.24.0"
      }
    },
    "@algolia/requester-common": {
      "version": "4.24.0",
      "resolved": "https://registry.npmjs.org/@algolia/requester-common/-/requester-common-4.24.0.tgz",
      "integrity": "sha512-k3CXJ2OVnvgE3HMwcojpvY6d9kgKMPRxs/kVohrwF5WMr2fnqojnycZkxPoEg+bXm8fi5BBfFmOqgYztRtHsQA=="
    },
    "@algolia/requester-node-http": {
      "version": "4.24.0",
      "resolved": "https://registry.npmjs.org/@algolia/requester-node-http/-/requester-node-http-4.24.0.tgz",
      "integrity": "sha512-JF18yTjNOVYvU/L3UosRcvbPMGT9B+/GQWNWnenIImglzNVGpyzChkXLnrSf6uxwVNO6ESGu6oN8MqcGQcjQJw==",
      "requires": {
        "@algolia/requester-common": "4.24.0"
      }
    },
    "@algolia/transporter": {
      "version": "4.24.0",
      "resolved": "https://registry.npmjs.org/@algolia/transporter/-/transporter-4.24.0.tgz",
      "integrity": "sha512-86nI7w6NzWxd1Zp9q3413dRshDqAzSbsQjhcDhPIatEFiZrL1/TjnHL8S7jVKFePlIMzDsZWXAXwXzcok9c5oA==",
      "requires": {
        "@algolia/cache-common": "4.24.0",
        "@algolia/logger-common": "4.24.0",
        "@algolia/requester-common": "4.24.0"
      }
    },
    "@cmfcmf/docusaurus-search-local": {
      "version": "1.2.0",
      "resolved": "https://registry.npmjs.org/@cmfcmf/docusaurus-search-local/-/docusaurus-search-local-1.2.0.tgz",
      "integrity": "sha512-Tc0GhRBsfZAiB+f6BoPB8YCQap6JzzcDyJ0dLSCSzWQ6wdWvDlTBrHc1YqR8q8AZ+STRszL5eZpZFi5dbTCdYg==",
      "requires": {
        "@algolia/autocomplete-js": "^1.8.2",
        "@algolia/autocomplete-theme-classic": "^1.8.2",
        "@algolia/client-search": "^4.12.0",
        "algoliasearch": "^4.12.0",
        "cheerio": "^1.0.0-rc.9",
        "clsx": "^1.1.1",
        "lunr-languages": "^1.4.0",
        "mark.js": "^8.11.1",
        "tslib": "^2.6.3"
      },
      "dependencies": {
        "clsx": {
          "version": "1.2.1",
          "resolved": "https://registry.npmjs.org/clsx/-/clsx-1.2.1.tgz",
          "integrity": "sha512-EcR6r5a8bj6pu3ycsa/E/cKVGuTgZJZdsyUYHOksG/UHIiKfjxzRxYJpyVBwYaQeOvghal9fcc4PidlgzugAQg=="
        }
      }
    },
    "algoliasearch": {
      "version": "4.24.0",
      "resolved": "https://registry.npmjs.org/algoliasearch/-/algoliasearch-4.24.0.tgz",
      "integrity": "sha512-bf0QV/9jVejssFBmz2HQLxUadxk574t4iwjCKp5E7NBzwKkrDEhKPISIIjAU/p6K5qDx3qoeh4+26zWN1jmw3g==",
      "requires": {
        "@algolia/cache-browser-local-storage": "4.24.0",
        "@algolia/cache-common": "4.24.0",
        "@algolia/cache-in-memory": "4.24.0",
        "@algolia/client-account": "4.24.0",
        "@algolia/client-analytics": "4.24.0",
        "@algolia/client-common": "4.24.0",
        "@algolia/client-personalization": "4.24.0",
        "@algolia/client-search": "4.24.0",
        "@algolia/logger-common": "4.24.0",
        "@algolia/logger-console": "4.24.0",
        "@algolia/recommend": "4.24.0",
        "@algolia/requester-browser-xhr": "4.24.0",
        "@algolia/requester-common": "4.24.0",
        "@algolia/requester-node-http": "4.24.0",
        "@algolia/transporter": "4.24.0"
      }
    },
    "boolbase": {
      "version": "1.0.0",
      "resolved": "https://registry.npmjs.org/boolbase/-/boolbase-1.0.0.tgz",
      "integrity": "sha512-JZOSA7Mo9sNGB8+UjSgzdLtokWAky1zbztM3WRLCbZ70/3cTANmQmOdR7y2g+J0e2WXywy1yS468tY+IruqEww=="
    },
    "cheerio": {
      "version": "1.0.0",
      "resolved": "https://registry.npmjs.org/cheerio/-/cheerio-1.0.0.tgz",
      "integrity": "sha512-quS9HgjQpdaXOvsZz82Oz7uxtXiy6UIsIQcpBj7HRw2M63Skasm9qlDocAM7jNuaxdhpPU7c4kJN+gA5MCu4ww==",
      "requires": {
        "cheerio-select": "^2.1.0",
        "dom-serializer": "^2.0.0",
        "domhandler": "^5.0.3",
        "domutils": "^3.1.0",
        "encoding-sniffer": "^0.2.0",
        "htmlparser2": "^9.1.0",
        "parse5": "^7.1.2",
        "parse5-htmlparser2-tree-adapter": "^7.0.0",
        "parse5-parser-stream": "^7.1.2",
        "undici": "^6.19.5",
        "whatwg-mimetype": "^4.0.0"
      }
    },
    "cheerio-select": {
      "version": "2.1.0",
      "resolved": "https://registry.npmjs.org/cheerio-select/-/cheerio-select-2.1.0.tgz",
      "integrity": "sha512-9v9kG0LvzrlcungtnJtpGNxY+fzECQKhK4EGJX2vByejiMX84MFNQw4UxPJl3bFbTMw+Dfs37XaIkCwTZfLh4g==",
      "requires": {
        "boolbase": "^1.0.0",
        "css-select": "^5.1.0",
        "css-what": "^6.1.0",
        "domelementtype": "^2.3.0",
        "domhandler": "^5.0.3",
        "domutils": "^3.0.1"
      }
    },
    "css-select": {
      "version": "5.1.0",
      "resolved": "https://registry.npmjs.org/css-select/-/css-select-5.1.0.tgz",
      "integrity": "sha512-nwoRF1rvRRnnCqqY7updORDsuqKzqYJ28+oSMaJMMgOauh3fvwHqMS7EZpIPqK8GL+g9mKxF1vP/ZjSeNjEVHg==",
      "requires": {
        "boolbase": "^1.0.0",
        "css-what": "^6.1.0",
        "domhandler": "^5.0.2",
        "domutils": "^3.0.1",
        "nth-check": "^2.0.1"
      }
    },
    "css-what": {
      "version": "6.1.0",
      "resolved": "https://registry.npmjs.org/css-what/-/css-what-6.1.0.tgz",
      "integrity": "sha512-HTUrgRJ7r4dsZKU6GjmpfRK1O76h97Z8MfS1G0FozR+oF2kG6Vfe8JE6zwrkbxigziPHinCJ+gCPjA9EaBDtRw=="
    },
    "dom-serializer": {
      "version": "2.0.0",
      "resolved": "https://registry.npmjs.org/dom-serializer/-/dom-serializer-2.0.0.tgz",
      "integrity": "sha512-wIkAryiqt/nV5EQKqQpo3SToSOV9J0DnbJqwK7Wv/Trc92zIAYZ4FlMu+JPFW1DfGFt81ZTCGgDEabffXeLyJg==",
      "requires": {
        "domelementtype": "^2.3.0",
        "domhandler": "^5.0.2",
        "entities": "^4.2.0"
      }
    },
    "domelementtype": {
      "version": "2.3.0",
      "resolved": "https://registry.npmjs.org/domelementtype/-/domelementtype-2.3.0.tgz",
      "integrity": "sha512-OLETBj6w0OsagBwdXnPdN0cnMfF9opN69co+7ZrbfPGrdpPVNBUj02spi6B1N7wChLQiPn4CSH/zJvXw56gmHw=="
    },
    "domhandler": {
      "version": "5.0.3",
      "resolved": "https://registry.npmjs.org/domhandler/-/domhandler-5.0.3.tgz",
      "integrity": "sha512-cgwlv/1iFQiFnU96XXgROh8xTeetsnJiDsTc7TYCLFd9+/WNkIqPTxiM/8pSd8VIrhXGTf1Ny1q1hquVqDJB5w==",
      "requires": {
        "domelementtype": "^2.3.0"
      }
    },
    "domutils": {
      "version": "3.1.0",
      "resolved": "https://registry.npmjs.org/domutils/-/domutils-3.1.0.tgz",
      "integrity": "sha512-H78uMmQtI2AhgDJjWeQmHwJJ2bLPD3GMmO7Zja/ZZh84wkm+4ut+IUnUdRa8uCGX88DiVx1j6FRe1XfxEgjEZA==",
      "requires": {
        "dom-serializer": "^2.0.0",
        "domelementtype": "^2.3.0",
        "domhandler": "^5.0.3"
      }
    },
    "encoding-sniffer": {
      "version": "0.2.0",
      "resolved": "https://registry.npmjs.org/encoding-sniffer/-/encoding-sniffer-0.2.0.tgz",
      "integrity": "sha512-ju7Wq1kg04I3HtiYIOrUrdfdDvkyO9s5XM8QAj/bN61Yo/Vb4vgJxy5vi4Yxk01gWHbrofpPtpxM8bKger9jhg==",
      "requires": {
        "iconv-lite": "^0.6.3",
        "whatwg-encoding": "^3.1.1"
      }
    },
    "entities": {
      "version": "4.5.0",
      "resolved": "https://registry.npmjs.org/entities/-/entities-4.5.0.tgz",
      "integrity": "sha512-V0hjH4dGPh9Ao5p0MoRY6BVqtwCjhz6vI5LT8AJ55H+4g9/4vbHx1I54fS0XuclLhDHArPQCiMjDxjaL8fPxhw=="
    },
    "htm": {
      "version": "3.1.1",
      "resolved": "https://registry.npmjs.org/htm/-/htm-3.1.1.tgz",
      "integrity": "sha512-983Vyg8NwUE7JkZ6NmOqpCZ+sh1bKv2iYTlUkzlWmA5JD2acKoxd4KVxbMmxX/85mtfdnDmTFoNKcg5DGAvxNQ=="
    },
    "htmlparser2": {
      "version": "9.1.0",
      "resolved": "https://registry.npmjs.org/htmlparser2/-/htmlparser2-9.1.0.tgz",
      "integrity": "sha512-5zfg6mHUoaer/97TxnGpxmbR7zJtPwIYFMZ/H5ucTlPZhKvtum05yiPK3Mgai3a0DyVxv7qYqoweaEd2nrYQzQ==",
      "requires": {
        "domelementtype": "^2.3.0",
        "domhandler": "^5.0.3",
        "domutils": "^3.1.0",
        "entities": "^4.5.0"
      }
    },
    "iconv-lite": {
      "version": "0.6.3",
      "resolved": "https://registry.npmjs.org/iconv-lite/-/iconv-lite-0.6.3.tgz",
      "integrity": "sha512-4fCk79wshMdzMp2rH06qWrJE4iolqLhCUH+OiuIgU++RB0+94NlDL81atO7GX55uUKueo0txHNtvEyI6D7WdMw==",
      "requires": {
        "safer-buffer": ">= 2.1.2 < 3.0.0"
      }
    },
    "lunr-languages": {
      "version": "1.14.0",
      "resolved": "https://registry.npmjs.org/lunr-languages/-/lunr-languages-1.14.0.tgz",
      "integrity": "sha512-hWUAb2KqM3L7J5bcrngszzISY4BxrXn/Xhbb9TTCJYEGqlR1nG67/M14sp09+PTIRklobrn57IAxcdcO/ZFyNA=="
    },
    "mark.js": {
      "version": "8.11.1",
      "resolved": "https://registry.npmjs.org/mark.js/-/mark.js-8.11.1.tgz",
      "integrity": "sha512-1I+1qpDt4idfgLQG+BNWmrqku+7/2bi5nLf4YwF8y8zXvmfiTBY3PV3ZibfrjBueCByROpuBjLLFCajqkgYoLQ=="
    },
    "nth-check": {
      "version": "2.1.1",
      "resolved": "https://registry.npmjs.org/nth-check/-/nth-check-2.1.1.tgz",
      "integrity": "sha512-lqjrjmaOoAnWfMmBPL+XNnynZh2+swxiX3WUE0s4yEHI6m+AwrK2UZOimIRl3X/4QctVqS8AiZjFqyOGrMXb/w==",
      "requires": {
        "boolbase": "^1.0.0"
      }
    },
    "parse5": {
      "version": "7.1.2",
      "resolved": "https://registry.npmjs.org/parse5/-/parse5-7.1.2.tgz",
      "integrity": "sha512-Czj1WaSVpaoj0wbhMzLmWD69anp2WH7FXMB9n1Sy8/ZFF9jolSQVMu1Ij5WIyGmcBmhk7EOndpO4mIpihVqAXw==",
      "requires": {
        "entities": "^4.4.0"
      }
    },
    "parse5-htmlparser2-tree-adapter": {
      "version": "7.0.0",
      "resolved": "https://registry.npmjs.org/parse5-htmlparser2-tree-adapter/-/parse5-htmlparser2-tree-adapter-7.0.0.tgz",
      "integrity": "sha512-B77tOZrqqfUfnVcOrUvfdLbz4pu4RopLD/4vmu3HUPswwTA8OH0EMW9BlWR2B0RCoiZRAHEUu7IxeP1Pd1UU+g==",
      "requires": {
        "domhandler": "^5.0.2",
        "parse5": "^7.0.0"
      }
    },
    "parse5-parser-stream": {
      "version": "7.1.2",
      "resolved": "https://registry.npmjs.org/parse5-parser-stream/-/parse5-parser-stream-7.1.2.tgz",
      "integrity": "sha512-JyeQc9iwFLn5TbvvqACIF/VXG6abODeB3Fwmv/TGdLk2LfbWkaySGY72at4+Ty7EkPZj854u4CrICqNk2qIbow==",
      "requires": {
        "parse5": "^7.0.0"
      }
    },
    "preact": {
      "version": "10.23.2",
      "resolved": "https://registry.npmjs.org/preact/-/preact-10.23.2.tgz",
      "integrity": "sha512-kKYfePf9rzKnxOAKDpsWhg/ysrHPqT+yQ7UW4JjdnqjFIeNUnNcEJvhuA8fDenxAGWzUqtd51DfVg7xp/8T9NA=="
    },
    "safer-buffer": {
      "version": "2.1.2",
      "resolved": "https://registry.npmjs.org/safer-buffer/-/safer-buffer-2.1.2.tgz",
      "integrity": "sha512-YZo3K82SD7Riyi0E1EQPojLz7kpepnSQI9IyPbHHg1XXXevb5dJI7tpyN2ADxGcQbHG7vcyRHk0cbwqcQriUtg=="
    },
    "tslib": {
      "version": "2.6.3",
      "resolved": "https://registry.npmjs.org/tslib/-/tslib-2.6.3.tgz",
      "integrity": "sha512-xNvxJEOUiWPGhUuUdQgAJPKOOJfGnIyKySOc09XkKsgdUV/3E2zvwZYdejjmRgPCgcym1juLH3226yA7sEFJKQ=="
    },
    "undici": {
      "version": "6.19.7",
      "resolved": "https://registry.npmjs.org/undici/-/undici-6.19.7.tgz",
      "integrity": "sha512-HR3W/bMGPSr90i8AAp2C4DM3wChFdJPLrWYpIS++LxS8K+W535qftjt+4MyjNYHeWabMj1nvtmLIi7l++iq91A=="
    },
    "whatwg-encoding": {
      "version": "3.1.1",
      "resolved": "https://registry.npmjs.org/whatwg-encoding/-/whatwg-encoding-3.1.1.tgz",
      "integrity": "sha512-6qN4hJdMwfYBtE3YBTTHhoeuUrDBPZmbQaxWAqSALV/MeEnR5z1xd8UKud2RAkFoPkmB+hli1TZSnyi84xz1vQ==",
      "requires": {
        "iconv-lite": "0.6.3"
      }
    },
    "whatwg-mimetype": {
      "version": "4.0.0",
      "resolved": "https://registry.npmjs.org/whatwg-mimetype/-/whatwg-mimetype-4.0.0.tgz",
      "integrity": "sha512-QaKxh0eNIi2mE9p2vEdzfagOKHCcj1pJ56EEHGQOVxp8r9/iszLUUV7v89x9O1p/T+NlTM5W7jW6+cz4Fq1YVg=="
    }
  }
}
